{
  "contract_version": "1",
  "generated_sha256": "c49959fff7bf9a9e99a3e405df8fc6f0a615546d845c95f508fae6079b4818e4",
  "generator_identity": "openapi-typescript@7.13.0",
  "schema_closure_operation_ids": [
    "A1",
    "A2",
    "A3",
    "A4",
    "A5",
    "H1",
    "H2",
    "U1",
    "G1",
    "G2",
    "G3",
    "G4",
    "G5",
    "G6",
    "G7",
    "G8",
    "I1",
    "I2",
    "C1",
    "C2",
    "C3",
    "C4",
    "S1",
    "R1"
  ],
  "source_sha256": "53be8021599c31d8c010072c81ea2fdfc5a120186745c0b091d432c6d20084bb"
}
