{
  "contract_version": "1",
  "generated_sha256": "b1db509e2b5f9fcd2bb40ad80369e98bfee6d1fed7b1bdf2d62ca2fc586a50b2",
  "generator_identity": "openapi-typescript@7.13.0",
  "schema_closure_operation_ids": [
    "A1",
    "A2",
    "A3",
    "A4",
    "A5",
    "H1",
    "H2",
    "U1",
    "G1",
    "G2",
    "G3",
    "G4",
    "G5",
    "G6",
    "G7",
    "G8",
    "I1",
    "I2",
    "C1",
    "C2",
    "C3",
    "C4",
    "S1",
    "R1",
    "T1",
    "T2",
    "T3",
    "T4",
    "T5",
    "T6",
    "T7",
    "MD1",
    "MD2",
    "MD3",
    "MD4",
    "MD5"
  ],
  "source_sha256": "597dda1f5ac711c4d8e4922e706da786de3b41742d4cde7e49f998865efa1644"
}
